// !$*UTF8*$!
{
	archiveVersion = 1;
	classes = {
	};
	objectVersion = 56;
	objects = {

/* Begin PBXBuildFile section */
		CFC5503F2C10F13800F08E21 /* NewsApp.swift in Sources */ = {isa = PBXBuildFile; fileRef = CFC5503E2C10F13800F08E21 /* NewsApp.swift */; };
		CFC550412C10F13800F08E21 /* ContentView.swift in Sources */ = {isa = PBXBuildFile; fileRef = CFC550402C10F13800F08E21 /* ContentView.swift */; };
		CFC550432C10F13A00F08E21 /* Assets.xcassets in Resources */ = {isa = PBXBuildFile; fileRef = CFC550422C10F13A00F08E21 /* Assets.xcassets */; };
		CFC550462C10F13A00F08E21 /* Preview Assets.xcassets in Resources */ = {isa = PBXBuildFile; fileRef = CFC550452C10F13A00F08E21 /* Preview Assets.xcassets */; };
		CFC550502C10F13A00F08E21 /* NewsAppTests.swift in Sources */ = {isa = PBXBuildFile; fileRef = CFC5504F2C10F13A00F08E21 /* NewsAppTests.swift */; };
		CFC5505A2C10F13A00F08E21 /* NewsAppUITests.swift in Sources */ = {isa = PBXBuildFile; fileRef = CFC550592C10F13A00F08E21 /* NewsAppUITests.swift */; };
		CFC5505C2C10F13A00F08E21 /* NewsAppUITestsLaunchTests.swift in Sources */ = {isa = PBXBuildFile; fileRef = CFC5505B2C10F13A00F08E21 /* NewsAppUITestsLaunchTests.swift */; };
		CFC550702C10FBE200F08E21 /* Localizable.strings in Resources */ = {isa = PBXBuildFile; fileRef = CFC5506E2C10FBE200F08E21 /* Localizable.strings */; };
		CFC5507E2C10FE4F00F08E21 /* KeychainManagerProtocol.swift in Sources */ = {isa = PBXBuildFile; fileRef = CFC5507D2C10FE4F00F08E21 /* KeychainManagerProtocol.swift */; };
		CFC550812C10FF4600F08E21 /* KeyChainManager.swift in Sources */ = {isa = PBXBuildFile; fileRef = CFC550802C10FF4600F08E21 /* KeyChainManager.swift */; };
		CFC550832C11009700F08E21 /* AppCoordinator.swift in Sources */ = {isa = PBXBuildFile; fileRef = CFC550822C11009700F08E21 /* AppCoordinator.swift */; };
		CFC550852C1100C300F08E21 /* OnboardingCoordinator.swift in Sources */ = {isa = PBXBuildFile; fileRef = CFC550842C1100C300F08E21 /* OnboardingCoordinator.swift */; };
		CFC550872C1100D200F08E21 /* HeadlinesCoordinator.swift in Sources */ = {isa = PBXBuildFile; fileRef = CFC550862C1100D200F08E21 /* HeadlinesCoordinator.swift */; };
		CFC550892C11056700F08E21 /* DIContainer.swift in Sources */ = {isa = PBXBuildFile; fileRef = CFC550882C11056700F08E21 /* DIContainer.swift */; };
		CFC5508D2C11067400F08E21 /* OnboardingView.swift in Sources */ = {isa = PBXBuildFile; fileRef = CFC5508C2C11067400F08E21 /* OnboardingView.swift */; };
		CFC5508F2C11067F00F08E21 /* CountrySelectionView.swift in Sources */ = {isa = PBXBuildFile; fileRef = CFC5508E2C11067F00F08E21 /* CountrySelectionView.swift */; };
		CFC550912C11069700F08E21 /* CategorySelectionView.swift in Sources */ = {isa = PBXBuildFile; fileRef = CFC550902C11069700F08E21 /* CategorySelectionView.swift */; };
		CFC550972C110FD100F08E21 /* FetchCountriesUseCase.swift in Sources */ = {isa = PBXBuildFile; fileRef = CFC550962C110FD100F08E21 /* FetchCountriesUseCase.swift */; };
		CFC550992C110FE600F08E21 /* FetchCategoriesUseCase.swift in Sources */ = {isa = PBXBuildFile; fileRef = CFC550982C110FE600F08E21 /* FetchCategoriesUseCase.swift */; };
		CFC5509B2C11105900F08E21 /* CategoriesRepository.swift in Sources */ = {isa = PBXBuildFile; fileRef = CFC5509A2C11105900F08E21 /* CategoriesRepository.swift */; };
		CFC5509D2C11108600F08E21 /* RemoteDataSource.swift in Sources */ = {isa = PBXBuildFile; fileRef = CFC5509C2C11108600F08E21 /* RemoteDataSource.swift */; };
		CFC5509F2C1110A200F08E21 /* LocalDataSource.swift in Sources */ = {isa = PBXBuildFile; fileRef = CFC5509E2C1110A200F08E21 /* LocalDataSource.swift */; };
		CFC550A22C1110DD00F08E21 /* RealmManager.swift in Sources */ = {isa = PBXBuildFile; fileRef = CFC550A12C1110DD00F08E21 /* RealmManager.swift */; };
		CFC550A42C1111C300F08E21 /* CountriesRepository.swift in Sources */ = {isa = PBXBuildFile; fileRef = CFC550A32C1111C300F08E21 /* CountriesRepository.swift */; };
		CFC550A62C11121A00F08E21 /* CountryEntity.swift in Sources */ = {isa = PBXBuildFile; fileRef = CFC550A52C11121A00F08E21 /* CountryEntity.swift */; };
		CFC550A82C11127E00F08E21 /* APIClient.swift in Sources */ = {isa = PBXBuildFile; fileRef = CFC550A72C11127E00F08E21 /* APIClient.swift */; };
		CFC550AA2C1117A000F08E21 /* CountryManager.swift in Sources */ = {isa = PBXBuildFile; fileRef = CFC550A92C1117A000F08E21 /* CountryManager.swift */; };
		CFC550AD2C11195C00F08E21 /* SearchBar.swift in Sources */ = {isa = PBXBuildFile; fileRef = CFC550AC2C11195C00F08E21 /* SearchBar.swift */; };
		CFC550AF2C12089C00F08E21 /* BouncyButton.swift in Sources */ = {isa = PBXBuildFile; fileRef = CFC550AE2C12089C00F08E21 /* BouncyButton.swift */; };
		CFC550B22C124F3A00F08E21 /* Constants.swift in Sources */ = {isa = PBXBuildFile; fileRef = CFC550B12C124F3A00F08E21 /* Constants.swift */; };
		CFC550B82C12E9B500F08E21 /* Endpoint.swift in Sources */ = {isa = PBXBuildFile; fileRef = CFC550B72C12E9B500F08E21 /* Endpoint.swift */; };
		CFC550BA2C12E9C400F08E21 /* HTTPMethod.swift in Sources */ = {isa = PBXBuildFile; fileRef = CFC550B92C12E9C400F08E21 /* HTTPMethod.swift */; };
		CFC550BC2C12E9F000F08E21 /* NewsAPIEndpoint.swift in Sources */ = {isa = PBXBuildFile; fileRef = CFC550BB2C12E9F000F08E21 /* NewsAPIEndpoint.swift */; };
		CFC550BE2C12F72900F08E21 /* APIError.swift in Sources */ = {isa = PBXBuildFile; fileRef = CFC550BD2C12F72900F08E21 /* APIError.swift */; };
		CFC550C02C12F9E800F08E21 /* SourcesResponse.swift in Sources */ = {isa = PBXBuildFile; fileRef = CFC550BF2C12F9E800F08E21 /* SourcesResponse.swift */; };
		CFC550C22C12FA0700F08E21 /* SourceDTO.swift in Sources */ = {isa = PBXBuildFile; fileRef = CFC550C12C12FA0700F08E21 /* SourceDTO.swift */; };
		CFC550C52C12FA5500F08E21 /* CategoryMapper.swift in Sources */ = {isa = PBXBuildFile; fileRef = CFC550C42C12FA5500F08E21 /* CategoryMapper.swift */; };
		CFC550C72C12FBE100F08E21 /* DataModelProtocol.swift in Sources */ = {isa = PBXBuildFile; fileRef = CFC550C62C12FBE100F08E21 /* DataModelProtocol.swift */; };
		CFC550C92C12FC0600F08E21 /* CategoryEntity.swift in Sources */ = {isa = PBXBuildFile; fileRef = CFC550C82C12FC0600F08E21 /* CategoryEntity.swift */; };
		CFC550CB2C12FC1700F08E21 /* EntityProtocol.swift in Sources */ = {isa = PBXBuildFile; fileRef = CFC550CA2C12FC1700F08E21 /* EntityProtocol.swift */; };
		CFC550CD2C12FC4C00F08E21 /* MapperProtocol.swift in Sources */ = {isa = PBXBuildFile; fileRef = CFC550CC2C12FC4C00F08E21 /* MapperProtocol.swift */; };
		CFC550CF2C130AAC00F08E21 /* OnboardingViewModel.swift in Sources */ = {isa = PBXBuildFile; fileRef = CFC550CE2C130AAC00F08E21 /* OnboardingViewModel.swift */; };
		CFC550D42C130E1F00F08E21 /* RealmSwift in Frameworks */ = {isa = PBXBuildFile; productRef = CFC550D32C130E1F00F08E21 /* RealmSwift */; };
		CFC550D62C13400600F08E21 /* RealmManagerProtocol.swift in Sources */ = {isa = PBXBuildFile; fileRef = CFC550D52C13400600F08E21 /* RealmManagerProtocol.swift */; };
		CFC550D82C13414800F08E21 /* OnboardingEntity.swift in Sources */ = {isa = PBXBuildFile; fileRef = CFC550D72C13414800F08E21 /* OnboardingEntity.swift */; };
		CFC550DA2C13439800F08E21 /* OnboardingUseCase.swift in Sources */ = {isa = PBXBuildFile; fileRef = CFC550D92C13439800F08E21 /* OnboardingUseCase.swift */; };
		CFC550DC2C134D3B00F08E21 /* AppButton.swift in Sources */ = {isa = PBXBuildFile; fileRef = CFC550DB2C134D3B00F08E21 /* AppButton.swift */; };
		CFC550DE2C135BAE00F08E21 /* ArticlesResponseDTO.swift in Sources */ = {isa = PBXBuildFile; fileRef = CFC550DD2C135BAE00F08E21 /* ArticlesResponseDTO.swift */; };
		CFC550E02C135BCB00F08E21 /* ArticleDTO.swift in Sources */ = {isa = PBXBuildFile; fileRef = CFC550DF2C135BCB00F08E21 /* ArticleDTO.swift */; };
		CFC550E22C135BFC00F08E21 /* ArticleEntity.swift in Sources */ = {isa = PBXBuildFile; fileRef = CFC550E12C135BFC00F08E21 /* ArticleEntity.swift */; };
		CFC550E42C135C1B00F08E21 /* FetchHeadlinesUseCase.swift in Sources */ = {isa = PBXBuildFile; fileRef = CFC550E32C135C1B00F08E21 /* FetchHeadlinesUseCase.swift */; };
		CFC550E62C135C3200F08E21 /* ArticlesRepository.swift in Sources */ = {isa = PBXBuildFile; fileRef = CFC550E52C135C3200F08E21 /* ArticlesRepository.swift */; };
		CFC550E82C135C7600F08E21 /* ArticleMapper.swift in Sources */ = {isa = PBXBuildFile; fileRef = CFC550E72C135C7600F08E21 /* ArticleMapper.swift */; };
		CFC550EA2C135CC900F08E21 /* ArticlesAPIEndpoint.swift in Sources */ = {isa = PBXBuildFile; fileRef = CFC550E92C135CC900F08E21 /* ArticlesAPIEndpoint.swift */; };
		CFC550EE2C135D8300F08E21 /* HeadlinesViewModel.swift in Sources */ = {isa = PBXBuildFile; fileRef = CFC550ED2C135D8300F08E21 /* HeadlinesViewModel.swift */; };
		CFC550F02C135EBA00F08E21 /* HeadlinesView.swift in Sources */ = {isa = PBXBuildFile; fileRef = CFC550EF2C135EBA00F08E21 /* HeadlinesView.swift */; };
		CFC550F22C135EE700F08E21 /* HeadlinesTabView.swift in Sources */ = {isa = PBXBuildFile; fileRef = CFC550F12C135EE700F08E21 /* HeadlinesTabView.swift */; };
		CFC550F42C13762100F08E21 /* ArticleRowView.swift in Sources */ = {isa = PBXBuildFile; fileRef = CFC550F32C13762100F08E21 /* ArticleRowView.swift */; };
		CFC550F82C13860F00F08E21 /* SearchArticlesUseCase.swift in Sources */ = {isa = PBXBuildFile; fileRef = CFC550F72C13860F00F08E21 /* SearchArticlesUseCase.swift */; };
		CFC550FC2C13984700F08E21 /* RealmArticleEntity.swift in Sources */ = {isa = PBXBuildFile; fileRef = CFC550FB2C13984700F08E21 /* RealmArticleEntity.swift */; };
		CFC550FE2C13987900F08E21 /* SaveArticleUseCase.swift in Sources */ = {isa = PBXBuildFile; fileRef = CFC550FD2C13987900F08E21 /* SaveArticleUseCase.swift */; };
		CFC551002C139E2E00F08E21 /* FetchSavedArticlesUseCase.swift in Sources */ = {isa = PBXBuildFile; fileRef = CFC550FF2C139E2E00F08E21 /* FetchSavedArticlesUseCase.swift */; };
		CFC551022C13A0D100F08E21 /* SaveArticleViewModel.swift in Sources */ = {isa = PBXBuildFile; fileRef = CFC551012C13A0D100F08E21 /* SaveArticleViewModel.swift */; };
		CFC551042C13A11600F08E21 /* SaveArticleTabView.swift in Sources */ = {isa = PBXBuildFile; fileRef = CFC551032C13A11600F08E21 /* SaveArticleTabView.swift */; };
		CFC551062C14543F00F08E21 /* DeleteSavedArticleUseCase.swift in Sources */ = {isa = PBXBuildFile; fileRef = CFC551052C14543F00F08E21 /* DeleteSavedArticleUseCase.swift */; };
		CFC551082C145BA200F08E21 /* ViewDidLoadModifier.swift in Sources */ = {isa = PBXBuildFile; fileRef = CFC551072C145BA200F08E21 /* ViewDidLoadModifier.swift */; };
		CFC5510B2C145CB100F08E21 /* Kingfisher in Frameworks */ = {isa = PBXBuildFile; productRef = CFC5510A2C145CB100F08E21 /* Kingfisher */; };
		CFC5510D2C145F8200F08E21 /* BoxView.swift in Sources */ = {isa = PBXBuildFile; fileRef = CFC5510C2C145F8200F08E21 /* BoxView.swift */; };
/* End PBXBuildFile section */

/* Begin PBXContainerItemProxy section */
		CFC5504C2C10F13A00F08E21 /* PBXContainerItemProxy */ = {
			isa = PBXContainerItemProxy;
			containerPortal = CFC550332C10F13800F08E21 /* Project object */;
			proxyType = 1;
			remoteGlobalIDString = CFC5503A2C10F13800F08E21;
			remoteInfo = NewsApp;
		};
		CFC550562C10F13A00F08E21 /* PBXContainerItemProxy */ = {
			isa = PBXContainerItemProxy;
			containerPortal = CFC550332C10F13800F08E21 /* Project object */;
			proxyType = 1;
			remoteGlobalIDString = CFC5503A2C10F13800F08E21;
			remoteInfo = NewsApp;
		};
/* End PBXContainerItemProxy section */

/* Begin PBXFileReference section */
		CFC5503B2C10F13800F08E21 /* NewsApp.app */ = {isa = PBXFileReference; explicitFileType = wrapper.application; includeInIndex = 0; path = NewsApp.app; sourceTree = BUILT_PRODUCTS_DIR; };
		CFC5503E2C10F13800F08E21 /* NewsApp.swift */ = {isa = PBXFileReference; lastKnownFileType = sourcecode.swift; path = NewsApp.swift; sourceTree = "<group>"; };
		CFC550402C10F13800F08E21 /* ContentView.swift */ = {isa = PBXFileReference; lastKnownFileType = sourcecode.swift; path = ContentView.swift; sourceTree = "<group>"; };
		CFC550422C10F13A00F08E21 /* Assets.xcassets */ = {isa = PBXFileReference; lastKnownFileType = folder.assetcatalog; path = Assets.xcassets; sourceTree = "<group>"; };
		CFC550452C10F13A00F08E21 /* Preview Assets.xcassets */ = {isa = PBXFileReference; lastKnownFileType = folder.assetcatalog; path = "Preview Assets.xcassets"; sourceTree = "<group>"; };
		CFC5504B2C10F13A00F08E21 /* NewsAppTests.xctest */ = {isa = PBXFileReference; explicitFileType = wrapper.cfbundle; includeInIndex = 0; path = NewsAppTests.xctest; sourceTree = BUILT_PRODUCTS_DIR; };
		CFC5504F2C10F13A00F08E21 /* NewsAppTests.swift */ = {isa = PBXFileReference; lastKnownFileType = sourcecode.swift; path = NewsAppTests.swift; sourceTree = "<group>"; };
		CFC550552C10F13A00F08E21 /* NewsAppUITests.xctest */ = {isa = PBXFileReference; explicitFileType = wrapper.cfbundle; includeInIndex = 0; path = NewsAppUITests.xctest; sourceTree = BUILT_PRODUCTS_DIR; };
		CFC550592C10F13A00F08E21 /* NewsAppUITests.swift */ = {isa = PBXFileReference; lastKnownFileType = sourcecode.swift; path = NewsAppUITests.swift; sourceTree = "<group>"; };
		CFC5505B2C10F13A00F08E21 /* NewsAppUITestsLaunchTests.swift */ = {isa = PBXFileReference; lastKnownFileType = sourcecode.swift; path = NewsAppUITestsLaunchTests.swift; sourceTree = "<group>"; };
		CFC5506F2C10FBE200F08E21 /* en */ = {isa = PBXFileReference; lastKnownFileType = text.plist.strings; name = en; path = en.lproj/Localizable.strings; sourceTree = "<group>"; };
		CFC550712C10FBF000F08E21 /* ar */ = {isa = PBXFileReference; lastKnownFileType = text.plist.strings; name = ar; path = ar.lproj/Localizable.strings; sourceTree = "<group>"; };
		CFC5507D2C10FE4F00F08E21 /* KeychainManagerProtocol.swift */ = {isa = PBXFileReference; lastKnownFileType = sourcecode.swift; path = KeychainManagerProtocol.swift; sourceTree = "<group>"; };
		CFC550802C10FF4600F08E21 /* KeyChainManager.swift */ = {isa = PBXFileReference; lastKnownFileType = sourcecode.swift; path = KeyChainManager.swift; sourceTree = "<group>"; };
		CFC550822C11009700F08E21 /* AppCoordinator.swift */ = {isa = PBXFileReference; lastKnownFileType = sourcecode.swift; path = AppCoordinator.swift; sourceTree = "<group>"; };
		CFC550842C1100C300F08E21 /* OnboardingCoordinator.swift */ = {isa = PBXFileReference; lastKnownFileType = sourcecode.swift; path = OnboardingCoordinator.swift; sourceTree = "<group>"; };
		CFC550862C1100D200F08E21 /* HeadlinesCoordinator.swift */ = {isa = PBXFileReference; lastKnownFileType = sourcecode.swift; path = HeadlinesCoordinator.swift; sourceTree = "<group>"; };
		CFC550882C11056700F08E21 /* DIContainer.swift */ = {isa = PBXFileReference; lastKnownFileType = sourcecode.swift; path = DIContainer.swift; sourceTree = "<group>"; };
		CFC5508C2C11067400F08E21 /* OnboardingView.swift */ = {isa = PBXFileReference; lastKnownFileType = sourcecode.swift; path = OnboardingView.swift; sourceTree = "<group>"; };
		CFC5508E2C11067F00F08E21 /* CountrySelectionView.swift */ = {isa = PBXFileReference; lastKnownFileType = sourcecode.swift; path = CountrySelectionView.swift; sourceTree = "<group>"; };
		CFC550902C11069700F08E21 /* CategorySelectionView.swift */ = {isa = PBXFileReference; lastKnownFileType = sourcecode.swift; path = CategorySelectionView.swift; sourceTree = "<group>"; };
		CFC550962C110FD100F08E21 /* FetchCountriesUseCase.swift */ = {isa = PBXFileReference; lastKnownFileType = sourcecode.swift; path = FetchCountriesUseCase.swift; sourceTree = "<group>"; };
		CFC550982C110FE600F08E21 /* FetchCategoriesUseCase.swift */ = {isa = PBXFileReference; lastKnownFileType = sourcecode.swift; path = FetchCategoriesUseCase.swift; sourceTree = "<group>"; };
		CFC5509A2C11105900F08E21 /* CategoriesRepository.swift */ = {isa = PBXFileReference; lastKnownFileType = sourcecode.swift; path = CategoriesRepository.swift; sourceTree = "<group>"; };
		CFC5509C2C11108600F08E21 /* RemoteDataSource.swift */ = {isa = PBXFileReference; lastKnownFileType = sourcecode.swift; path = RemoteDataSource.swift; sourceTree = "<group>"; };
		CFC5509E2C1110A200F08E21 /* LocalDataSource.swift */ = {isa = PBXFileReference; lastKnownFileType = sourcecode.swift; path = LocalDataSource.swift; sourceTree = "<group>"; };
		CFC550A12C1110DD00F08E21 /* RealmManager.swift */ = {isa = PBXFileReference; lastKnownFileType = sourcecode.swift; path = RealmManager.swift; sourceTree = "<group>"; };
		CFC550A32C1111C300F08E21 /* CountriesRepository.swift */ = {isa = PBXFileReference; lastKnownFileType = sourcecode.swift; path = CountriesRepository.swift; sourceTree = "<group>"; };
		CFC550A52C11121A00F08E21 /* CountryEntity.swift */ = {isa = PBXFileReference; lastKnownFileType = sourcecode.swift; path = CountryEntity.swift; sourceTree = "<group>"; };
		CFC550A72C11127E00F08E21 /* APIClient.swift */ = {isa = PBXFileReference; lastKnownFileType = sourcecode.swift; path = APIClient.swift; sourceTree = "<group>"; };
		CFC550A92C1117A000F08E21 /* CountryManager.swift */ = {isa = PBXFileReference; lastKnownFileType = sourcecode.swift; path = CountryManager.swift; sourceTree = "<group>"; };
		CFC550AC2C11195C00F08E21 /* SearchBar.swift */ = {isa = PBXFileReference; lastKnownFileType = sourcecode.swift; path = SearchBar.swift; sourceTree = "<group>"; };
		CFC550AE2C12089C00F08E21 /* BouncyButton.swift */ = {isa = PBXFileReference; lastKnownFileType = sourcecode.swift; path = BouncyButton.swift; sourceTree = "<group>"; };
		CFC550B12C124F3A00F08E21 /* Constants.swift */ = {isa = PBXFileReference; lastKnownFileType = sourcecode.swift; path = Constants.swift; sourceTree = "<group>"; };
		CFC550B72C12E9B500F08E21 /* Endpoint.swift */ = {isa = PBXFileReference; lastKnownFileType = sourcecode.swift; path = Endpoint.swift; sourceTree = "<group>"; };
		CFC550B92C12E9C400F08E21 /* HTTPMethod.swift */ = {isa = PBXFileReference; lastKnownFileType = sourcecode.swift; path = HTTPMethod.swift; sourceTree = "<group>"; };
		CFC550BB2C12E9F000F08E21 /* NewsAPIEndpoint.swift */ = {isa = PBXFileReference; lastKnownFileType = sourcecode.swift; path = NewsAPIEndpoint.swift; sourceTree = "<group>"; };
		CFC550BD2C12F72900F08E21 /* APIError.swift */ = {isa = PBXFileReference; lastKnownFileType = sourcecode.swift; path = APIError.swift; sourceTree = "<group>"; };
		CFC550BF2C12F9E800F08E21 /* SourcesResponse.swift */ = {isa = PBXFileReference; lastKnownFileType = sourcecode.swift; path = SourcesResponse.swift; sourceTree = "<group>"; };
		CFC550C12C12FA0700F08E21 /* SourceDTO.swift */ = {isa = PBXFileReference; lastKnownFileType = sourcecode.swift; path = SourceDTO.swift; sourceTree = "<group>"; };
		CFC550C42C12FA5500F08E21 /* CategoryMapper.swift */ = {isa = PBXFileReference; lastKnownFileType = sourcecode.swift; path = CategoryMapper.swift; sourceTree = "<group>"; };
		CFC550C62C12FBE100F08E21 /* DataModelProtocol.swift */ = {isa = PBXFileReference; lastKnownFileType = sourcecode.swift; path = DataModelProtocol.swift; sourceTree = "<group>"; };
		CFC550C82C12FC0600F08E21 /* CategoryEntity.swift */ = {isa = PBXFileReference; lastKnownFileType = sourcecode.swift; path = CategoryEntity.swift; sourceTree = "<group>"; };
		CFC550CA2C12FC1700F08E21 /* EntityProtocol.swift */ = {isa = PBXFileReference; lastKnownFileType = sourcecode.swift; path = EntityProtocol.swift; sourceTree = "<group>"; };
		CFC550CC2C12FC4C00F08E21 /* MapperProtocol.swift */ = {isa = PBXFileReference; lastKnownFileType = sourcecode.swift; path = MapperProtocol.swift; sourceTree = "<group>"; };
		CFC550CE2C130AAC00F08E21 /* OnboardingViewModel.swift */ = {isa = PBXFileReference; lastKnownFileType = sourcecode.swift; path = OnboardingViewModel.swift; sourceTree = "<group>"; };
		CFC550D52C13400600F08E21 /* RealmManagerProtocol.swift */ = {isa = PBXFileReference; lastKnownFileType = sourcecode.swift; path = RealmManagerProtocol.swift; sourceTree = "<group>"; };
		CFC550D72C13414800F08E21 /* OnboardingEntity.swift */ = {isa = PBXFileReference; lastKnownFileType = sourcecode.swift; path = OnboardingEntity.swift; sourceTree = "<group>"; };
		CFC550D92C13439800F08E21 /* OnboardingUseCase.swift */ = {isa = PBXFileReference; lastKnownFileType = sourcecode.swift; path = OnboardingUseCase.swift; sourceTree = "<group>"; };
		CFC550DB2C134D3B00F08E21 /* AppButton.swift */ = {isa = PBXFileReference; lastKnownFileType = sourcecode.swift; path = AppButton.swift; sourceTree = "<group>"; };
		CFC550DD2C135BAE00F08E21 /* ArticlesResponseDTO.swift */ = {isa = PBXFileReference; lastKnownFileType = sourcecode.swift; path = ArticlesResponseDTO.swift; sourceTree = "<group>"; };
		CFC550DF2C135BCB00F08E21 /* ArticleDTO.swift */ = {isa = PBXFileReference; lastKnownFileType = sourcecode.swift; path = ArticleDTO.swift; sourceTree = "<group>"; };
		CFC550E12C135BFC00F08E21 /* ArticleEntity.swift */ = {isa = PBXFileReference; lastKnownFileType = sourcecode.swift; path = ArticleEntity.swift; sourceTree = "<group>"; };
		CFC550E32C135C1B00F08E21 /* FetchHeadlinesUseCase.swift */ = {isa = PBXFileReference; lastKnownFileType = sourcecode.swift; path = FetchHeadlinesUseCase.swift; sourceTree = "<group>"; };
		CFC550E52C135C3200F08E21 /* ArticlesRepository.swift */ = {isa = PBXFileReference; lastKnownFileType = sourcecode.swift; path = ArticlesRepository.swift; sourceTree = "<group>"; };
		CFC550E72C135C7600F08E21 /* ArticleMapper.swift */ = {isa = PBXFileReference; lastKnownFileType = sourcecode.swift; path = ArticleMapper.swift; sourceTree = "<group>"; };
		CFC550E92C135CC900F08E21 /* ArticlesAPIEndpoint.swift */ = {isa = PBXFileReference; lastKnownFileType = sourcecode.swift; path = ArticlesAPIEndpoint.swift; sourceTree = "<group>"; };
		CFC550ED2C135D8300F08E21 /* HeadlinesViewModel.swift */ = {isa = PBXFileReference; lastKnownFileType = sourcecode.swift; path = HeadlinesViewModel.swift; sourceTree = "<group>"; };
		CFC550EF2C135EBA00F08E21 /* HeadlinesView.swift */ = {isa = PBXFileReference; lastKnownFileType = sourcecode.swift; path = HeadlinesView.swift; sourceTree = "<group>"; };
		CFC550F12C135EE700F08E21 /* HeadlinesTabView.swift */ = {isa = PBXFileReference; lastKnownFileType = sourcecode.swift; path = HeadlinesTabView.swift; sourceTree = "<group>"; };
		CFC550F32C13762100F08E21 /* ArticleRowView.swift */ = {isa = PBXFileReference; lastKnownFileType = sourcecode.swift; path = ArticleRowView.swift; sourceTree = "<group>"; };
		CFC550F72C13860F00F08E21 /* SearchArticlesUseCase.swift */ = {isa = PBXFileReference; lastKnownFileType = sourcecode.swift; path = SearchArticlesUseCase.swift; sourceTree = "<group>"; };
		CFC550FB2C13984700F08E21 /* RealmArticleEntity.swift */ = {isa = PBXFileReference; lastKnownFileType = sourcecode.swift; path = RealmArticleEntity.swift; sourceTree = "<group>"; };
		CFC550FD2C13987900F08E21 /* SaveArticleUseCase.swift */ = {isa = PBXFileReference; lastKnownFileType = sourcecode.swift; path = SaveArticleUseCase.swift; sourceTree = "<group>"; };
		CFC550FF2C139E2E00F08E21 /* FetchSavedArticlesUseCase.swift */ = {isa = PBXFileReference; lastKnownFileType = sourcecode.swift; path = FetchSavedArticlesUseCase.swift; sourceTree = "<group>"; };
		CFC551012C13A0D100F08E21 /* SaveArticleViewModel.swift */ = {isa = PBXFileReference; lastKnownFileType = sourcecode.swift; path = SaveArticleViewModel.swift; sourceTree = "<group>"; };
		CFC551032C13A11600F08E21 /* SaveArticleTabView.swift */ = {isa = PBXFileReference; lastKnownFileType = sourcecode.swift; path = SaveArticleTabView.swift; sourceTree = "<group>"; };
		CFC551052C14543F00F08E21 /* DeleteSavedArticleUseCase.swift */ = {isa = PBXFileReference; lastKnownFileType = sourcecode.swift; path = DeleteSavedArticleUseCase.swift; sourceTree = "<group>"; };
		CFC551072C145BA200F08E21 /* ViewDidLoadModifier.swift */ = {isa = PBXFileReference; lastKnownFileType = sourcecode.swift; path = ViewDidLoadModifier.swift; sourceTree = "<group>"; };
		CFC5510C2C145F8200F08E21 /* BoxView.swift */ = {isa = PBXFileReference; lastKnownFileType = sourcecode.swift; path = BoxView.swift; sourceTree = "<group>"; };
/* End PBXFileReference section */

/* Begin PBXFrameworksBuildPhase section */
		CFC550382C10F13800F08E21 /* Frameworks */ = {
			isa = PBXFrameworksBuildPhase;
			buildActionMask = 2147483647;
			files = (
				CFC5510B2C145CB100F08E21 /* Kingfisher in Frameworks */,
				CFC550D42C130E1F00F08E21 /* RealmSwift in Frameworks */,
			);
			runOnlyForDeploymentPostprocessing = 0;
		};
		CFC550482C10F13A00F08E21 /* Frameworks */ = {
			isa = PBXFrameworksBuildPhase;
			buildActionMask = 2147483647;
			files = (
			);
			runOnlyForDeploymentPostprocessing = 0;
		};
		CFC550522C10F13A00F08E21 /* Frameworks */ = {
			isa = PBXFrameworksBuildPhase;
			buildActionMask = 2147483647;
			files = (
			);
			runOnlyForDeploymentPostprocessing = 0;
		};
/* End PBXFrameworksBuildPhase section */

/* Begin PBXGroup section */
		CFC550322C10F13800F08E21 = {
			isa = PBXGroup;
			children = (
				CFC5503D2C10F13800F08E21 /* NewsApp */,
				CFC5504E2C10F13A00F08E21 /* NewsAppTests */,
				CFC550582C10F13A00F08E21 /* NewsAppUITests */,
				CFC5503C2C10F13800F08E21 /* Products */,
			);
			sourceTree = "<group>";
		};
		CFC5503C2C10F13800F08E21 /* Products */ = {
			isa = PBXGroup;
			children = (
				CFC5503B2C10F13800F08E21 /* NewsApp.app */,
				CFC5504B2C10F13A00F08E21 /* NewsAppTests.xctest */,
				CFC550552C10F13A00F08E21 /* NewsAppUITests.xctest */,
			);
			name = Products;
			sourceTree = "<group>";
		};
		CFC5503D2C10F13800F08E21 /* NewsApp */ = {
			isa = PBXGroup;
			children = (
				CFC550B02C124F2E00F08E21 /* Utils */,
				CFC5506D2C10FB2000F08E21 /* Resources */,
				CFC5506C2C10FB1100F08E21 /* DependencyInjection */,
				CFC5506B2C10FB0200F08E21 /* Presentation */,
				CFC5506A2C10FAEC00F08E21 /* Domain */,
				CFC550692C10FAB800F08E21 /* Data */,
				CFC550682C10FAB000F08E21 /* App */,
				CFC5503E2C10F13800F08E21 /* NewsApp.swift */,
				CFC550402C10F13800F08E21 /* ContentView.swift */,
				CFC550442C10F13A00F08E21 /* Preview Content */,
			);
			path = NewsApp;
			sourceTree = "<group>";
		};
		CFC550442C10F13A00F08E21 /* Preview Content */ = {
			isa = PBXGroup;
			children = (
				CFC550452C10F13A00F08E21 /* Preview Assets.xcassets */,
			);
			path = "Preview Content";
			sourceTree = "<group>";
		};
		CFC5504E2C10F13A00F08E21 /* NewsAppTests */ = {
			isa = PBXGroup;
			children = (
				CFC5504F2C10F13A00F08E21 /* NewsAppTests.swift */,
			);
			path = NewsAppTests;
			sourceTree = "<group>";
		};
		CFC550582C10F13A00F08E21 /* NewsAppUITests */ = {
			isa = PBXGroup;
			children = (
				CFC550592C10F13A00F08E21 /* NewsAppUITests.swift */,
				CFC5505B2C10F13A00F08E21 /* NewsAppUITestsLaunchTests.swift */,
			);
			path = NewsAppUITests;
			sourceTree = "<group>";
		};
		CFC550682C10FAB000F08E21 /* App */ = {
			isa = PBXGroup;
			children = (
			);
			path = App;
			sourceTree = "<group>";
		};
		CFC550692C10FAB800F08E21 /* Data */ = {
			isa = PBXGroup;
			children = (
				CFC550752C10FC7000F08E21 /* Remote */,
				CFC550742C10FC6B00F08E21 /* Local */,
				CFC550732C10FC5900F08E21 /* Repositories */,
				CFC550722C10FC4E00F08E21 /* Models */,
			);
			path = Data;
			sourceTree = "<group>";
		};
		CFC5506A2C10FAEC00F08E21 /* Domain */ = {
			isa = PBXGroup;
			children = (
				CFC550772C10FC8600F08E21 /* UseCases */,
				CFC550762C10FC8100F08E21 /* Entites */,
			);
			path = Domain;
			sourceTree = "<group>";
		};
		CFC5506B2C10FB0200F08E21 /* Presentation */ = {
			isa = PBXGroup;
			children = (
				CFC550AB2C11194D00F08E21 /* Common */,
				CFC5507C2C10FCEE00F08E21 /* Coordinator */,
				CFC550792C10FCCE00F08E21 /* Headlines */,
				CFC550782C10FCBE00F08E21 /* Onboarding */,
			);
			path = Presentation;
			sourceTree = "<group>";
		};
		CFC5506C2C10FB1100F08E21 /* DependencyInjection */ = {
			isa = PBXGroup;
			children = (
				CFC550882C11056700F08E21 /* DIContainer.swift */,
			);
			path = DependencyInjection;
			sourceTree = "<group>";
		};
		CFC5506D2C10FB2000F08E21 /* Resources */ = {
			isa = PBXGroup;
			children = (
				CFC550422C10F13A00F08E21 /* Assets.xcassets */,
				CFC5506E2C10FBE200F08E21 /* Localizable.strings */,
			);
			path = Resources;
			sourceTree = "<group>";
		};
		CFC550722C10FC4E00F08E21 /* Models */ = {
			isa = PBXGroup;
			children = (
				CFC550BF2C12F9E800F08E21 /* SourcesResponse.swift */,
				CFC550C12C12FA0700F08E21 /* SourceDTO.swift */,
				CFC550C62C12FBE100F08E21 /* DataModelProtocol.swift */,
				CFC550DD2C135BAE00F08E21 /* ArticlesResponseDTO.swift */,
				CFC550DF2C135BCB00F08E21 /* ArticleDTO.swift */,
			);
			path = Models;
			sourceTree = "<group>";
		};
		CFC550732C10FC5900F08E21 /* Repositories */ = {
			isa = PBXGroup;
			children = (
				CFC5509A2C11105900F08E21 /* CategoriesRepository.swift */,
				CFC550A32C1111C300F08E21 /* CountriesRepository.swift */,
				CFC550E52C135C3200F08E21 /* ArticlesRepository.swift */,
			);
			path = Repositories;
			sourceTree = "<group>";
		};
		CFC550742C10FC6B00F08E21 /* Local */ = {
			isa = PBXGroup;
			children = (
				CFC550C32C12FA4800F08E21 /* Mapper */,
				CFC550A02C1110D100F08E21 /* Realm */,
				CFC5507F2C10FF2800F08E21 /* KeyChain */,
				CFC5509E2C1110A200F08E21 /* LocalDataSource.swift */,
				CFC550A92C1117A000F08E21 /* CountryManager.swift */,
			);
			path = Local;
			sourceTree = "<group>";
		};
		CFC550752C10FC7000F08E21 /* Remote */ = {
			isa = PBXGroup;
			children = (
				CFC550B62C12E8F000F08E21 /* Endpoints */,
				CFC550B32C12E8AF00F08E21 /* APIClient */,
				CFC5509C2C11108600F08E21 /* RemoteDataSource.swift */,
			);
			path = Remote;
			sourceTree = "<group>";
		};
		CFC550762C10FC8100F08E21 /* Entites */ = {
			isa = PBXGroup;
			children = (
				CFC550CA2C12FC1700F08E21 /* EntityProtocol.swift */,
				CFC550A52C11121A00F08E21 /* CountryEntity.swift */,
				CFC550C82C12FC0600F08E21 /* CategoryEntity.swift */,
				CFC550D72C13414800F08E21 /* OnboardingEntity.swift */,
				CFC550E12C135BFC00F08E21 /* ArticleEntity.swift */,
				CFC550FB2C13984700F08E21 /* RealmArticleEntity.swift */,
			);
			path = Entites;
			sourceTree = "<group>";
		};
		CFC550772C10FC8600F08E21 /* UseCases */ = {
			isa = PBXGroup;
			children = (
				CFC550962C110FD100F08E21 /* FetchCountriesUseCase.swift */,
				CFC550982C110FE600F08E21 /* FetchCategoriesUseCase.swift */,
				CFC550D92C13439800F08E21 /* OnboardingUseCase.swift */,
				CFC550E32C135C1B00F08E21 /* FetchHeadlinesUseCase.swift */,
				CFC550F72C13860F00F08E21 /* SearchArticlesUseCase.swift */,
				CFC550FD2C13987900F08E21 /* SaveArticleUseCase.swift */,
				CFC550FF2C139E2E00F08E21 /* FetchSavedArticlesUseCase.swift */,
				CFC551052C14543F00F08E21 /* DeleteSavedArticleUseCase.swift */,
			);
			path = UseCases;
			sourceTree = "<group>";
		};
		CFC550782C10FCBE00F08E21 /* Onboarding */ = {
			isa = PBXGroup;
			children = (
				CFC5508B2C11065C00F08E21 /* ViewModel */,
				CFC5508A2C11065800F08E21 /* View */,
			);
			path = Onboarding;
			sourceTree = "<group>";
		};
		CFC550792C10FCCE00F08E21 /* Headlines */ = {
			isa = PBXGroup;
			children = (
				CFC550EC2C135D7A00F08E21 /* View */,
				CFC550EB2C135D7400F08E21 /* ViewModel */,
			);
			path = Headlines;
			sourceTree = "<group>";
		};
		CFC5507C2C10FCEE00F08E21 /* Coordinator */ = {
			isa = PBXGroup;
			children = (
				CFC550822C11009700F08E21 /* AppCoordinator.swift */,
				CFC550842C1100C300F08E21 /* OnboardingCoordinator.swift */,
				CFC550862C1100D200F08E21 /* HeadlinesCoordinator.swift */,
			);
			path = Coordinator;
			sourceTree = "<group>";
		};
		CFC5507F2C10FF2800F08E21 /* KeyChain */ = {
			isa = PBXGroup;
			children = (
				CFC5507D2C10FE4F00F08E21 /* KeychainManagerProtocol.swift */,
				CFC550802C10FF4600F08E21 /* KeyChainManager.swift */,
			);
			path = KeyChain;
			sourceTree = "<group>";
		};
		CFC5508A2C11065800F08E21 /* View */ = {
			isa = PBXGroup;
			children = (
				CFC5508C2C11067400F08E21 /* OnboardingView.swift */,
				CFC5508E2C11067F00F08E21 /* CountrySelectionView.swift */,
				CFC550902C11069700F08E21 /* CategorySelectionView.swift */,
			);
			path = View;
			sourceTree = "<group>";
		};
		CFC5508B2C11065C00F08E21 /* ViewModel */ = {
			isa = PBXGroup;
			children = (
				CFC550CE2C130AAC00F08E21 /* OnboardingViewModel.swift */,
			);
			path = ViewModel;
			sourceTree = "<group>";
		};
		CFC550A02C1110D100F08E21 /* Realm */ = {
			isa = PBXGroup;
			children = (
				CFC550A12C1110DD00F08E21 /* RealmManager.swift */,
				CFC550D52C13400600F08E21 /* RealmManagerProtocol.swift */,
			);
			path = Realm;
			sourceTree = "<group>";
		};
		CFC550AB2C11194D00F08E21 /* Common */ = {
			isa = PBXGroup;
			children = (
				CFC550AC2C11195C00F08E21 /* SearchBar.swift */,
				CFC550AE2C12089C00F08E21 /* BouncyButton.swift */,
				CFC550DB2C134D3B00F08E21 /* AppButton.swift */,
				CFC551072C145BA200F08E21 /* ViewDidLoadModifier.swift */,
				CFC5510C2C145F8200F08E21 /* BoxView.swift */,
			);
			path = Common;
			sourceTree = "<group>";
		};
		CFC550B02C124F2E00F08E21 /* Utils */ = {
			isa = PBXGroup;
			children = (
				CFC550B12C124F3A00F08E21 /* Constants.swift */,
			);
			path = Utils;
			sourceTree = "<group>";
		};
		CFC550B32C12E8AF00F08E21 /* APIClient */ = {
			isa = PBXGroup;
			children = (
				CFC550A72C11127E00F08E21 /* APIClient.swift */,
				CFC550BD2C12F72900F08E21 /* APIError.swift */,
			);
			path = APIClient;
			sourceTree = "<group>";
		};
		CFC550B62C12E8F000F08E21 /* Endpoints */ = {
			isa = PBXGroup;
			children = (
				CFC550B72C12E9B500F08E21 /* Endpoint.swift */,
				CFC550B92C12E9C400F08E21 /* HTTPMethod.swift */,
				CFC550BB2C12E9F000F08E21 /* NewsAPIEndpoint.swift */,
				CFC550E92C135CC900F08E21 /* ArticlesAPIEndpoint.swift */,
			);
			path = Endpoints;
			sourceTree = "<group>";
		};
		CFC550C32C12FA4800F08E21 /* Mapper */ = {
			isa = PBXGroup;
			children = (
				CFC550C42C12FA5500F08E21 /* CategoryMapper.swift */,
				CFC550CC2C12FC4C00F08E21 /* MapperProtocol.swift */,
				CFC550E72C135C7600F08E21 /* ArticleMapper.swift */,
			);
			path = Mapper;
			sourceTree = "<group>";
		};
		CFC550EB2C135D7400F08E21 /* ViewModel */ = {
			isa = PBXGroup;
			children = (
				CFC550ED2C135D8300F08E21 /* HeadlinesViewModel.swift */,
				CFC551012C13A0D100F08E21 /* SaveArticleViewModel.swift */,
			);
			path = ViewModel;
			sourceTree = "<group>";
		};
		CFC550EC2C135D7A00F08E21 /* View */ = {
			isa = PBXGroup;
			children = (
				CFC550EF2C135EBA00F08E21 /* HeadlinesView.swift */,
				CFC550F12C135EE700F08E21 /* HeadlinesTabView.swift */,
				CFC550F32C13762100F08E21 /* ArticleRowView.swift */,
				CFC551032C13A11600F08E21 /* SaveArticleTabView.swift */,
			);
			path = View;
			sourceTree = "<group>";
		};
/* End PBXGroup section */

/* Begin PBXNativeTarget section */
		CFC5503A2C10F13800F08E21 /* NewsApp */ = {
			isa = PBXNativeTarget;
			buildConfigurationList = CFC5505F2C10F13A00F08E21 /* Build configuration list for PBXNativeTarget "NewsApp" */;
			buildPhases = (
				CFC550372C10F13800F08E21 /* Sources */,
				CFC550382C10F13800F08E21 /* Frameworks */,
				CFC550392C10F13800F08E21 /* Resources */,
			);
			buildRules = (
			);
			dependencies = (
			);
			name = NewsApp;
			packageProductDependencies = (
				CFC550D32C130E1F00F08E21 /* RealmSwift */,
				CFC5510A2C145CB100F08E21 /* Kingfisher */,
			);
			productName = NewsApp;
			productReference = CFC5503B2C10F13800F08E21 /* NewsApp.app */;
			productType = "com.apple.product-type.application";
		};
		CFC5504A2C10F13A00F08E21 /* NewsAppTests */ = {
			isa = PBXNativeTarget;
			buildConfigurationList = CFC550622C10F13A00F08E21 /* Build configuration list for PBXNativeTarget "NewsAppTests" */;
			buildPhases = (
				CFC550472C10F13A00F08E21 /* Sources */,
				CFC550482C10F13A00F08E21 /* Frameworks */,
				CFC550492C10F13A00F08E21 /* Resources */,
			);
			buildRules = (
			);
			dependencies = (
				CFC5504D2C10F13A00F08E21 /* PBXTargetDependency */,
			);
			name = NewsAppTests;
			productName = NewsAppTests;
			productReference = CFC5504B2C10F13A00F08E21 /* NewsAppTests.xctest */;
			productType = "com.apple.product-type.bundle.unit-test";
		};
		CFC550542C10F13A00F08E21 /* NewsAppUITests */ = {
			isa = PBXNativeTarget;
			buildConfigurationList = CFC550652C10F13A00F08E21 /* Build configuration list for PBXNativeTarget "NewsAppUITests" */;
			buildPhases = (
				CFC550512C10F13A00F08E21 /* Sources */,
				CFC550522C10F13A00F08E21 /* Frameworks */,
				CFC550532C10F13A00F08E21 /* Resources */,
			);
			buildRules = (
			);
			dependencies = (
				CFC550572C10F13A00F08E21 /* PBXTargetDependency */,
			);
			name = NewsAppUITests;
			productName = NewsAppUITests;
			productReference = CFC550552C10F13A00F08E21 /* NewsAppUITests.xctest */;
			productType = "com.apple.product-type.bundle.ui-testing";
		};
/* End PBXNativeTarget section */

/* Begin PBXProject section */
		CFC550332C10F13800F08E21 /* Project object */ = {
			isa = PBXProject;
			attributes = {
				BuildIndependentTargetsInParallel = 1;
				LastSwiftUpdateCheck = 1530;
				LastUpgradeCheck = 1530;
				TargetAttributes = {
					CFC5503A2C10F13800F08E21 = {
						CreatedOnToolsVersion = 15.3;
					};
					CFC5504A2C10F13A00F08E21 = {
						CreatedOnToolsVersion = 15.3;
						TestTargetID = CFC5503A2C10F13800F08E21;
					};
					CFC550542C10F13A00F08E21 = {
						CreatedOnToolsVersion = 15.3;
						TestTargetID = CFC5503A2C10F13800F08E21;
					};
				};
			};
			buildConfigurationList = CFC550362C10F13800F08E21 /* Build configuration list for PBXProject "NewsApp" */;
			compatibilityVersion = "Xcode 14.0";
			developmentRegion = en;
			hasScannedForEncodings = 0;
			knownRegions = (
				en,
				Base,
				ar,
			);
			mainGroup = CFC550322C10F13800F08E21;
			packageReferences = (
				CFC550D02C130E1F00F08E21 /* XCRemoteSwiftPackageReference "realm-swift" */,
				CFC551092C145CB100F08E21 /* XCRemoteSwiftPackageReference "Kingfisher" */,
			);
			productRefGroup = CFC5503C2C10F13800F08E21 /* Products */;
			projectDirPath = "";
			projectRoot = "";
			targets = (
				CFC5503A2C10F13800F08E21 /* NewsApp */,
				CFC5504A2C10F13A00F08E21 /* NewsAppTests */,
				CFC550542C10F13A00F08E21 /* NewsAppUITests */,
			);
		};
/* End PBXProject section */

/* Begin PBXResourcesBuildPhase section */
		CFC550392C10F13800F08E21 /* Resources */ = {
			isa = PBXResourcesBuildPhase;
			buildActionMask = 2147483647;
			files = (
				CFC550462C10F13A00F08E21 /* Preview Assets.xcassets in Resources */,
				CFC550702C10FBE200F08E21 /* Localizable.strings in Resources */,
				CFC550432C10F13A00F08E21 /* Assets.xcassets in Resources */,
			);
			runOnlyForDeploymentPostprocessing = 0;
		};
		CFC550492C10F13A00F08E21 /* Resources */ = {
			isa = PBXResourcesBuildPhase;
			buildActionMask = 2147483647;
			files = (
			);
			runOnlyForDeploymentPostprocessing = 0;
		};
		CFC550532C10F13A00F08E21 /* Resources */ = {
			isa = PBXResourcesBuildPhase;
			buildActionMask = 2147483647;
			files = (
			);
			runOnlyForDeploymentPostprocessing = 0;
		};
/* End PBXResourcesBuildPhase section */

/* Begin PBXSourcesBuildPhase section */
		CFC550372C10F13800F08E21 /* Sources */ = {
			isa = PBXSourcesBuildPhase;
			buildActionMask = 2147483647;
			files = (
				CFC550F02C135EBA00F08E21 /* HeadlinesView.swift in Sources */,
				CFC550AF2C12089C00F08E21 /* BouncyButton.swift in Sources */,
				CFC550B82C12E9B500F08E21 /* Endpoint.swift in Sources */,
				CFC550C22C12FA0700F08E21 /* SourceDTO.swift in Sources */,
				CFC550D62C13400600F08E21 /* RealmManagerProtocol.swift in Sources */,
				CFC550972C110FD100F08E21 /* FetchCountriesUseCase.swift in Sources */,
				CFC550412C10F13800F08E21 /* ContentView.swift in Sources */,
				CFC550992C110FE600F08E21 /* FetchCategoriesUseCase.swift in Sources */,
				CFC551042C13A11600F08E21 /* SaveArticleTabView.swift in Sources */,
				CFC550852C1100C300F08E21 /* OnboardingCoordinator.swift in Sources */,
				CFC550AD2C11195C00F08E21 /* SearchBar.swift in Sources */,
				CFC550C92C12FC0600F08E21 /* CategoryEntity.swift in Sources */,
				CFC550F82C13860F00F08E21 /* SearchArticlesUseCase.swift in Sources */,
				CFC550B22C124F3A00F08E21 /* Constants.swift in Sources */,
				CFC550A82C11127E00F08E21 /* APIClient.swift in Sources */,
				CFC551082C145BA200F08E21 /* ViewDidLoadModifier.swift in Sources */,
				CFC550A62C11121A00F08E21 /* CountryEntity.swift in Sources */,
				CFC550CD2C12FC4C00F08E21 /* MapperProtocol.swift in Sources */,
				CFC550BC2C12E9F000F08E21 /* NewsAPIEndpoint.swift in Sources */,
				CFC550CB2C12FC1700F08E21 /* EntityProtocol.swift in Sources */,
				CFC5509F2C1110A200F08E21 /* LocalDataSource.swift in Sources */,
				CFC5507E2C10FE4F00F08E21 /* KeychainManagerProtocol.swift in Sources */,
				CFC5508D2C11067400F08E21 /* OnboardingView.swift in Sources */,
				CFC5508F2C11067F00F08E21 /* CountrySelectionView.swift in Sources */,
				CFC550BA2C12E9C400F08E21 /* HTTPMethod.swift in Sources */,
				CFC550C52C12FA5500F08E21 /* CategoryMapper.swift in Sources */,
				CFC550FE2C13987900F08E21 /* SaveArticleUseCase.swift in Sources */,
				CFC550E42C135C1B00F08E21 /* FetchHeadlinesUseCase.swift in Sources */,
				CFC550DA2C13439800F08E21 /* OnboardingUseCase.swift in Sources */,
				CFC550832C11009700F08E21 /* AppCoordinator.swift in Sources */,
				CFC550E02C135BCB00F08E21 /* ArticleDTO.swift in Sources */,
				CFC550A22C1110DD00F08E21 /* RealmManager.swift in Sources */,
				CFC5510D2C145F8200F08E21 /* BoxView.swift in Sources */,
				CFC5509D2C11108600F08E21 /* RemoteDataSource.swift in Sources */,
				CFC550EE2C135D8300F08E21 /* HeadlinesViewModel.swift in Sources */,
				CFC550DE2C135BAE00F08E21 /* ArticlesResponseDTO.swift in Sources */,
				CFC550E82C135C7600F08E21 /* ArticleMapper.swift in Sources */,
				CFC550EA2C135CC900F08E21 /* ArticlesAPIEndpoint.swift in Sources */,
				CFC550C72C12FBE100F08E21 /* DataModelProtocol.swift in Sources */,
				CFC550E62C135C3200F08E21 /* ArticlesRepository.swift in Sources */,
				CFC550892C11056700F08E21 /* DIContainer.swift in Sources */,
				CFC5509B2C11105900F08E21 /* CategoriesRepository.swift in Sources */,
				CFC551022C13A0D100F08E21 /* SaveArticleViewModel.swift in Sources */,
				CFC551002C139E2E00F08E21 /* FetchSavedArticlesUseCase.swift in Sources */,
				CFC550C02C12F9E800F08E21 /* SourcesResponse.swift in Sources */,
				CFC551062C14543F00F08E21 /* DeleteSavedArticleUseCase.swift in Sources */,
				CFC550BE2C12F72900F08E21 /* APIError.swift in Sources */,
				CFC550DC2C134D3B00F08E21 /* AppButton.swift in Sources */,
				CFC550F42C13762100F08E21 /* ArticleRowView.swift in Sources */,
				CFC550F22C135EE700F08E21 /* HeadlinesTabView.swift in Sources */,
				CFC550E22C135BFC00F08E21 /* ArticleEntity.swift in Sources */,
				CFC550CF2C130AAC00F08E21 /* OnboardingViewModel.swift in Sources */,
				CFC550D82C13414800F08E21 /* OnboardingEntity.swift in Sources */,
				CFC550872C1100D200F08E21 /* HeadlinesCoordinator.swift in Sources */,
				CFC550A42C1111C300F08E21 /* CountriesRepository.swift in Sources */,
				CFC550FC2C13984700F08E21 /* RealmArticleEntity.swift in Sources */,
				CFC550912C11069700F08E21 /* CategorySelectionView.swift in Sources */,
				CFC550AA2C1117A000F08E21 /* CountryManager.swift in Sources */,
				CFC5503F2C10F13800F08E21 /* NewsApp.swift in Sources */,
				CFC550812C10FF4600F08E21 /* KeyChainManager.swift in Sources */,
			);
			runOnlyForDeploymentPostprocessing = 0;
		};
		CFC550472C10F13A00F08E21 /* Sources */ = {
			isa = PBXSourcesBuildPhase;
			buildActionMask = 2147483647;
			files = (
				CFC550502C10F13A00F08E21 /* NewsAppTests.swift in Sources */,
			);
			runOnlyForDeploymentPostprocessing = 0;
		};
		CFC550512C10F13A00F08E21 /* Sources */ = {
			isa = PBXSourcesBuildPhase;
			buildActionMask = 2147483647;
			files = (
				CFC5505A2C10F13A00F08E21 /* NewsAppUITests.swift in Sources */,
				CFC5505C2C10F13A00F08E21 /* NewsAppUITestsLaunchTests.swift in Sources */,
			);
			runOnlyForDeploymentPostprocessing = 0;
		};
/* End PBXSourcesBuildPhase section */

/* Begin PBXTargetDependency section */
		CFC5504D2C10F13A00F08E21 /* PBXTargetDependency */ = {
			isa = PBXTargetDependency;
			target = CFC5503A2C10F13800F08E21 /* NewsApp */;
			targetProxy = CFC5504C2C10F13A00F08E21 /* PBXContainerItemProxy */;
		};
		CFC550572C10F13A00F08E21 /* PBXTargetDependency */ = {
			isa = PBXTargetDependency;
			target = CFC5503A2C10F13800F08E21 /* NewsApp */;
			targetProxy = CFC550562C10F13A00F08E21 /* PBXContainerItemProxy */;
		};
/* End PBXTargetDependency section */

/* Begin PBXVariantGroup section */
		CFC5506E2C10FBE200F08E21 /* Localizable.strings */ = {
			isa = PBXVariantGroup;
			children = (
				CFC5506F2C10FBE200F08E21 /* en */,
				CFC550712C10FBF000F08E21 /* ar */,
			);
			name = Localizable.strings;
			sourceTree = "<group>";
		};
/* End PBXVariantGroup section */

/* Begin XCBuildConfiguration section */
		CFC5505D2C10F13A00F08E21 /* Debug */ = {
			isa = XCBuildConfiguration;
			buildSettings = {
				ALWAYS_SEARCH_USER_PATHS = NO;
				ASSETCATALOG_COMPILER_GENERATE_SWIFT_ASSET_SYMBOL_EXTENSIONS = YES;
				CLANG_ANALYZER_LOCALIZABILITY_NONLOCALIZED = YES;
				CLANG_ANALYZER_NONNULL = YES;
				CLANG_ANALYZER_NUMBER_OBJECT_CONVERSION = YES_AGGRESSIVE;
				CLANG_CXX_LANGUAGE_STANDARD = "gnu++20";
				CLANG_ENABLE_MODULES = YES;
				CLANG_ENABLE_OBJC_ARC = YES;
				CLANG_ENABLE_OBJC_WEAK = YES;
				CLANG_WARN_BLOCK_CAPTURE_AUTORELEASING = YES;
				CLANG_WARN_BOOL_CONVERSION = YES;
				CLANG_WARN_COMMA = YES;
				CLANG_WARN_CONSTANT_CONVERSION = YES;
				CLANG_WARN_DEPRECATED_OBJC_IMPLEMENTATIONS = YES;
				CLANG_WARN_DIRECT_OBJC_ISA_USAGE = YES_ERROR;
				CLANG_WARN_DOCUMENTATION_COMMENTS = YES;
				CLANG_WARN_EMPTY_BODY = YES;
				CLANG_WARN_ENUM_CONVERSION = YES;
				CLANG_WARN_INFINITE_RECURSION = YES;
				CLANG_WARN_INT_CONVERSION = YES;
				CLANG_WARN_NON_LITERAL_NULL_CONVERSION = YES;
				CLANG_WARN_OBJC_IMPLICIT_RETAIN_SELF = YES;
				CLANG_WARN_OBJC_LITERAL_CONVERSION = YES;
				CLANG_WARN_OBJC_ROOT_CLASS = YES_ERROR;
				CLANG_WARN_QUOTED_INCLUDE_IN_FRAMEWORK_HEADER = YES;
				CLANG_WARN_RANGE_LOOP_ANALYSIS = YES;
				CLANG_WARN_STRICT_PROTOTYPES = YES;
				CLANG_WARN_SUSPICIOUS_MOVE = YES;
				CLANG_WARN_UNGUARDED_AVAILABILITY = YES_AGGRESSIVE;
				CLANG_WARN_UNREACHABLE_CODE = YES;
				CLANG_WARN__DUPLICATE_METHOD_MATCH = YES;
				COPY_PHASE_STRIP = NO;
				DEBUG_INFORMATION_FORMAT = dwarf;
				ENABLE_STRICT_OBJC_MSGSEND = YES;
				ENABLE_TESTABILITY = YES;
				ENABLE_USER_SCRIPT_SANDBOXING = YES;
				GCC_C_LANGUAGE_STANDARD = gnu17;
				GCC_DYNAMIC_NO_PIC = NO;
				GCC_NO_COMMON_BLOCKS = YES;
				GCC_OPTIMIZATION_LEVEL = 0;
				GCC_PREPROCESSOR_DEFINITIONS = (
					"DEBUG=1",
					"$(inherited)",
				);
				GCC_WARN_64_TO_32_BIT_CONVERSION = YES;
				GCC_WARN_ABOUT_RETURN_TYPE = YES_ERROR;
				GCC_WARN_UNDECLARED_SELECTOR = YES;
				GCC_WARN_UNINITIALIZED_AUTOS = YES_AGGRESSIVE;
				GCC_WARN_UNUSED_FUNCTION = YES;
				GCC_WARN_UNUSED_VARIABLE = YES;
				IPHONEOS_DEPLOYMENT_TARGET = 17.4;
				LOCALIZATION_PREFERS_STRING_CATALOGS = YES;
				MTL_ENABLE_DEBUG_INFO = INCLUDE_SOURCE;
				MTL_FAST_MATH = YES;
				ONLY_ACTIVE_ARCH = YES;
				SDKROOT = iphoneos;
				SWIFT_ACTIVE_COMPILATION_CONDITIONS = "DEBUG $(inherited)";
				SWIFT_OPTIMIZATION_LEVEL = "-Onone";
			};
			name = Debug;
		};
		CFC5505E2C10F13A00F08E21 /* Release */ = {
			isa = XCBuildConfiguration;
			buildSettings = {
				ALWAYS_SEARCH_USER_PATHS = NO;
				ASSETCATALOG_COMPILER_GENERATE_SWIFT_ASSET_SYMBOL_EXTENSIONS = YES;
				CLANG_ANALYZER_LOCALIZABILITY_NONLOCALIZED = YES;
				CLANG_ANALYZER_NONNULL = YES;
				CLANG_ANALYZER_NUMBER_OBJECT_CONVERSION = YES_AGGRESSIVE;
				CLANG_CXX_LANGUAGE_STANDARD = "gnu++20";
				CLANG_ENABLE_MODULES = YES;
				CLANG_ENABLE_OBJC_ARC = YES;
				CLANG_ENABLE_OBJC_WEAK = YES;
				CLANG_WARN_BLOCK_CAPTURE_AUTORELEASING = YES;
				CLANG_WARN_BOOL_CONVERSION = YES;
				CLANG_WARN_COMMA = YES;
				CLANG_WARN_CONSTANT_CONVERSION = YES;
				CLANG_WARN_DEPRECATED_OBJC_IMPLEMENTATIONS = YES;
				CLANG_WARN_DIRECT_OBJC_ISA_USAGE = YES_ERROR;
				CLANG_WARN_DOCUMENTATION_COMMENTS = YES;
				CLANG_WARN_EMPTY_BODY = YES;
				CLANG_WARN_ENUM_CONVERSION = YES;
				CLANG_WARN_INFINITE_RECURSION = YES;
				CLANG_WARN_INT_CONVERSION = YES;
				CLANG_WARN_NON_LITERAL_NULL_CONVERSION = YES;
				CLANG_WARN_OBJC_IMPLICIT_RETAIN_SELF = YES;
				CLANG_WARN_OBJC_LITERAL_CONVERSION = YES;
				CLANG_WARN_OBJC_ROOT_CLASS = YES_ERROR;
				CLANG_WARN_QUOTED_INCLUDE_IN_FRAMEWORK_HEADER = YES;
				CLANG_WARN_RANGE_LOOP_ANALYSIS = YES;
				CLANG_WARN_STRICT_PROTOTYPES = YES;
				CLANG_WARN_SUSPICIOUS_MOVE = YES;
				CLANG_WARN_UNGUARDED_AVAILABILITY = YES_AGGRESSIVE;
				CLANG_WARN_UNREACHABLE_CODE = YES;
				CLANG_WARN__DUPLICATE_METHOD_MATCH = YES;
				COPY_PHASE_STRIP = NO;
				DEBUG_INFORMATION_FORMAT = "dwarf-with-dsym";
				ENABLE_NS_ASSERTIONS = NO;
				ENABLE_STRICT_OBJC_MSGSEND = YES;
				ENABLE_USER_SCRIPT_SANDBOXING = YES;
				GCC_C_LANGUAGE_STANDARD = gnu17;
				GCC_NO_COMMON_BLOCKS = YES;
				GCC_WARN_64_TO_32_BIT_CONVERSION = YES;
				GCC_WARN_ABOUT_RETURN_TYPE = YES_ERROR;
				GCC_WARN_UNDECLARED_SELECTOR = YES;
				GCC_WARN_UNINITIALIZED_AUTOS = YES_AGGRESSIVE;
				GCC_WARN_UNUSED_FUNCTION = YES;
				GCC_WARN_UNUSED_VARIABLE = YES;
				IPHONEOS_DEPLOYMENT_TARGET = 17.4;
				LOCALIZATION_PREFERS_STRING_CATALOGS = YES;
				MTL_ENABLE_DEBUG_INFO = NO;
				MTL_FAST_MATH = YES;
				SDKROOT = iphoneos;
				SWIFT_COMPILATION_MODE = wholemodule;
				VALIDATE_PRODUCT = YES;
			};
			name = Release;
		};
		CFC550602C10F13A00F08E21 /* Debug */ = {
			isa = XCBuildConfiguration;
			buildSettings = {
				ASSETCATALOG_COMPILER_APPICON_NAME = AppIcon;
				ASSETCATALOG_COMPILER_GLOBAL_ACCENT_COLOR_NAME = AccentColor;
				CODE_SIGN_STYLE = Automatic;
				CURRENT_PROJECT_VERSION = 1;
				DEVELOPMENT_ASSET_PATHS = "\"NewsApp/Preview Content\"";
				DEVELOPMENT_TEAM = 7AYGAZB269;
				ENABLE_PREVIEWS = YES;
				GENERATE_INFOPLIST_FILE = YES;
				INFOPLIST_KEY_UIApplicationSceneManifest_Generation = YES;
				INFOPLIST_KEY_UIApplicationSupportsIndirectInputEvents = YES;
				INFOPLIST_KEY_UILaunchScreen_Generation = YES;
				INFOPLIST_KEY_UISupportedInterfaceOrientations_iPad = "UIInterfaceOrientationPortrait UIInterfaceOrientationPortraitUpsideDown UIInterfaceOrientationLandscapeLeft UIInterfaceOrientationLandscapeRight";
				INFOPLIST_KEY_UISupportedInterfaceOrientations_iPhone = "UIInterfaceOrientationPortrait UIInterfaceOrientationLandscapeLeft UIInterfaceOrientationLandscapeRight";
				LD_RUNPATH_SEARCH_PATHS = (
					"$(inherited)",
					"@executable_path/Frameworks",
				);
				MARKETING_VERSION = 1.0;
				PRODUCT_BUNDLE_IDENTIFIER = "Amr-Magdy.NewsApp";
				PRODUCT_NAME = "$(TARGET_NAME)";
				SWIFT_EMIT_LOC_STRINGS = YES;
				SWIFT_VERSION = 5.0;
				TARGETED_DEVICE_FAMILY = "1,2";
			};
			name = Debug;
		};
		CFC550612C10F13A00F08E21 /* Release */ = {
			isa = XCBuildConfiguration;
			buildSettings = {
				ASSETCATALOG_COMPILER_APPICON_NAME = AppIcon;
				ASSETCATALOG_COMPILER_GLOBAL_ACCENT_COLOR_NAME = AccentColor;
				CODE_SIGN_STYLE = Automatic;
				CURRENT_PROJECT_VERSION = 1;
				DEVELOPMENT_ASSET_PATHS = "\"NewsApp/Preview Content\"";
				DEVELOPMENT_TEAM = 7AYGAZB269;
				ENABLE_PREVIEWS = YES;
				GENERATE_INFOPLIST_FILE = YES;
				INFOPLIST_KEY_UIApplicationSceneManifest_Generation = YES;
				INFOPLIST_KEY_UIApplicationSupportsIndirectInputEvents = YES;
				INFOPLIST_KEY_UILaunchScreen_Generation = YES;
				INFOPLIST_KEY_UISupportedInterfaceOrientations_iPad = "UIInterfaceOrientationPortrait UIInterfaceOrientationPortraitUpsideDown UIInterfaceOrientationLandscapeLeft UIInterfaceOrientationLandscapeRight";
				INFOPLIST_KEY_UISupportedInterfaceOrientations_iPhone = "UIInterfaceOrientationPortrait UIInterfaceOrientationLandscapeLeft UIInterfaceOrientationLandscapeRight";
				LD_RUNPATH_SEARCH_PATHS = (
					"$(inherited)",
					"@executable_path/Frameworks",
				);
				MARKETING_VERSION = 1.0;
				PRODUCT_BUNDLE_IDENTIFIER = "Amr-Magdy.NewsApp";
				PRODUCT_NAME = "$(TARGET_NAME)";
				SWIFT_EMIT_LOC_STRINGS = YES;
				SWIFT_VERSION = 5.0;
				TARGETED_DEVICE_FAMILY = "1,2";
			};
			name = Release;
		};
		CFC550632C10F13A00F08E21 /* Debug */ = {
			isa = XCBuildConfiguration;
			buildSettings = {
				ALWAYS_EMBED_SWIFT_STANDARD_LIBRARIES = YES;
				BUNDLE_LOADER = "$(TEST_HOST)";
				CODE_SIGN_STYLE = Automatic;
				CURRENT_PROJECT_VERSION = 1;
				DEVELOPMENT_TEAM = 7AYGAZB269;
				GENERATE_INFOPLIST_FILE = YES;
				IPHONEOS_DEPLOYMENT_TARGET = 17.4;
				MARKETING_VERSION = 1.0;
				PRODUCT_BUNDLE_IDENTIFIER = "Amr-Magdy.NewsAppTests";
				PRODUCT_NAME = "$(TARGET_NAME)";
				SWIFT_EMIT_LOC_STRINGS = NO;
				SWIFT_VERSION = 5.0;
				TARGETED_DEVICE_FAMILY = "1,2";
				TEST_HOST = "$(BUILT_PRODUCTS_DIR)/NewsApp.app/$(BUNDLE_EXECUTABLE_FOLDER_PATH)/NewsApp";
			};
			name = Debug;
		};
		CFC550642C10F13A00F08E21 /* Release */ = {
			isa = XCBuildConfiguration;
			buildSettings = {
				ALWAYS_EMBED_SWIFT_STANDARD_LIBRARIES = YES;
				BUNDLE_LOADER = "$(TEST_HOST)";
				CODE_SIGN_STYLE = Automatic;
				CURRENT_PROJECT_VERSION = 1;
				DEVELOPMENT_TEAM = 7AYGAZB269;
				GENERATE_INFOPLIST_FILE = YES;
				IPHONEOS_DEPLOYMENT_TARGET = 17.4;
				MARKETING_VERSION = 1.0;
				PRODUCT_BUNDLE_IDENTIFIER = "Amr-Magdy.NewsAppTests";
				PRODUCT_NAME = "$(TARGET_NAME)";
				SWIFT_EMIT_LOC_STRINGS = NO;
				SWIFT_VERSION = 5.0;
				TARGETED_DEVICE_FAMILY = "1,2";
				TEST_HOST = "$(BUILT_PRODUCTS_DIR)/NewsApp.app/$(BUNDLE_EXECUTABLE_FOLDER_PATH)/NewsApp";
			};
			name = Release;
		};
		CFC550662C10F13A00F08E21 /* Debug */ = {
			isa = XCBuildConfiguration;
			buildSettings = {
				ALWAYS_EMBED_SWIFT_STANDARD_LIBRARIES = YES;
				CODE_SIGN_STYLE = Automatic;
				CURRENT_PROJECT_VERSION = 1;
				DEVELOPMENT_TEAM = 7AYGAZB269;
				GENERATE_INFOPLIST_FILE = YES;
				MARKETING_VERSION = 1.0;
				PRODUCT_BUNDLE_IDENTIFIER = "Amr-Magdy.NewsAppUITests";
				PRODUCT_NAME = "$(TARGET_NAME)";
				SWIFT_EMIT_LOC_STRINGS = NO;
				SWIFT_VERSION = 5.0;
				TARGETED_DEVICE_FAMILY = "1,2";
				TEST_TARGET_NAME = NewsApp;
			};
			name = Debug;
		};
		CFC550672C10F13A00F08E21 /* Release */ = {
			isa = XCBuildConfiguration;
			buildSettings = {
				ALWAYS_EMBED_SWIFT_STANDARD_LIBRARIES = YES;
				CODE_SIGN_STYLE = Automatic;
				CURRENT_PROJECT_VERSION = 1;
				DEVELOPMENT_TEAM = 7AYGAZB269;
				GENERATE_INFOPLIST_FILE = YES;
				MARKETING_VERSION = 1.0;
				PRODUCT_BUNDLE_IDENTIFIER = "Amr-Magdy.NewsAppUITests";
				PRODUCT_NAME = "$(TARGET_NAME)";
				SWIFT_EMIT_LOC_STRINGS = NO;
				SWIFT_VERSION = 5.0;
				TARGETED_DEVICE_FAMILY = "1,2";
				TEST_TARGET_NAME = NewsApp;
			};
			name = Release;
		};
/* End XCBuildConfiguration section */

/* Begin XCConfigurationList section */
		CFC550362C10F13800F08E21 /* Build configuration list for PBXProject "NewsApp" */ = {
			isa = XCConfigurationList;
			buildConfigurations = (
				CFC5505D2C10F13A00F08E21 /* Debug */,
				CFC5505E2C10F13A00F08E21 /* Release */,
			);
			defaultConfigurationIsVisible = 0;
			defaultConfigurationName = Release;
		};
		CFC5505F2C10F13A00F08E21 /* Build configuration list for PBXNativeTarget "NewsApp" */ = {
			isa = XCConfigurationList;
			buildConfigurations = (
				CFC550602C10F13A00F08E21 /* Debug */,
				CFC550612C10F13A00F08E21 /* Release */,
			);
			defaultConfigurationIsVisible = 0;
			defaultConfigurationName = Release;
		};
		CFC550622C10F13A00F08E21 /* Build configuration list for PBXNativeTarget "NewsAppTests" */ = {
			isa = XCConfigurationList;
			buildConfigurations = (
				CFC550632C10F13A00F08E21 /* Debug */,
				CFC550642C10F13A00F08E21 /* Release */,
			);
			defaultConfigurationIsVisible = 0;
			defaultConfigurationName = Release;
		};
		CFC550652C10F13A00F08E21 /* Build configuration list for PBXNativeTarget "NewsAppUITests" */ = {
			isa = XCConfigurationList;
			buildConfigurations = (
				CFC550662C10F13A00F08E21 /* Debug */,
				CFC550672C10F13A00F08E21 /* Release */,
			);
			defaultConfigurationIsVisible = 0;
			defaultConfigurationName = Release;
		};
/* End XCConfigurationList section */

/* Begin XCRemoteSwiftPackageReference section */
		CFC550D02C130E1F00F08E21 /* XCRemoteSwiftPackageReference "realm-swift" */ = {
			isa = XCRemoteSwiftPackageReference;
			repositoryURL = "https://github.com/realm/realm-swift.git";
			requirement = {
				branch = master;
				kind = branch;
			};
		};
		CFC551092C145CB100F08E21 /* XCRemoteSwiftPackageReference "Kingfisher" */ = {
			isa = XCRemoteSwiftPackageReference;
			repositoryURL = "https://github.com/onevcat/Kingfisher.git";
			requirement = {
				kind = upToNextMajorVersion;
				minimumVersion = 7.11.0;
			};
		};
/* End XCRemoteSwiftPackageReference section */

/* Begin XCSwiftPackageProductDependency section */
		CFC550D32C130E1F00F08E21 /* RealmSwift */ = {
			isa = XCSwiftPackageProductDependency;
			package = CFC550D02C130E1F00F08E21 /* XCRemoteSwiftPackageReference "realm-swift" */;
			productName = RealmSwift;
		};
		CFC5510A2C145CB100F08E21 /* Kingfisher */ = {
			isa = XCSwiftPackageProductDependency;
			package = CFC551092C145CB100F08E21 /* XCRemoteSwiftPackageReference "Kingfisher" */;
			productName = Kingfisher;
		};
/* End XCSwiftPackageProductDependency section */
	};
	rootObject = CFC550332C10F13800F08E21 /* Project object */;
}
